{
  "version": 4,
  "terraform_version": "1.2.9",
  "serial": 106,
  "lineage": "e4567730-33c1-6247-404d-b30c1661ffca",
  "outputs": {},
  "resources": [
    {
      "module": "module.new_vpc",
      "mode": "managed",
      "type": "aws_vpc",
      "name": "tf-vpc",
      "provider": "provider[\"registry.terraform.io/hashicorp/aws\"]",
      "instances": [
        {
          "schema_version": 1,
          "attributes": {
            "arn": "arn:aws:ec2:ap-northeast-1:707713643480:vpc/vpc-040fad882cb86e513",
            "assign_generated_ipv6_cidr_block": false,
            "cidr_block": "15.0.0.0/16",
            "default_network_acl_id": "acl-004cd229c1f433ac3",
            "default_route_table_id": "rtb-0ad64cef27fe41d46",
            "default_security_group_id": "sg-0d964ce1167437fbd",
            "dhcp_options_id": "dopt-5cd27739",
            "enable_classiclink": false,
            "enable_classiclink_dns_support": false,
            "enable_dns_hostnames": false,
            "enable_dns_support": true,
            "enable_network_address_usage_metrics": false,
            "id": "vpc-040fad882cb86e513",
            "instance_tenancy": "default",
            "ipv4_ipam_pool_id": null,
            "ipv4_netmask_length": null,
            "ipv6_association_id": "",
            "ipv6_cidr_block": "",
            "ipv6_cidr_block_network_border_group": "",
            "ipv6_ipam_pool_id": "",
            "ipv6_netmask_length": 0,
            "main_route_table_id": "rtb-0ad64cef27fe41d46",
            "owner_id": "707713643480",
            "tags": {
              "Name": "prod-memberportal-team1-vpc-apne2"
            },
            "tags_all": {
              "Name": "prod-memberportal-team1-vpc-apne2"
            }
          },
          "sensitive_attributes": [],
          "private": "eyJzY2hlbWFfdmVyc2lvbiI6IjEifQ==",
          "create_before_destroy": true
        }
      ]
    }
  ]
}
