{
  "version": 4,
  "terraform_version": "1.2.9",
  "serial": 60,
  "lineage": "24fa3388-56c5-c5cf-5be2-b55766c578cf",
  "outputs": {
    "name": {
      "value": [
        {
          "cidr": "15.0.1.0/24",
          "id": "subnet-0bd2d4d39ff755a0e"
        },
        {
          "cidr": "15.0.2.0/24",
          "id": "subnet-0ba96533a4d7a369b"
        }
      ],
      "type": [
        "tuple",
        [
          [
            "object",
            {
              "cidr": "string",
              "id": "string"
            }
          ],
          [
            "object",
            {
              "cidr": "string",
              "id": "string"
            }
          ]
        ]
      ]
    }
  },
  "resources": [
    {
      "mode": "data",
      "type": "aws_iam_policy_document",
      "name": "instance-assume-role-policy",
      "provider": "provider[\"registry.terraform.io/hashicorp/aws\"]",
      "instances": [
        {
          "schema_version": 0,
          "attributes": {
            "id": "1903849331",
            "json": "{\n  \"Version\": \"2012-10-17\",\n  \"Statement\": [\n    {\n      \"Sid\": \"\",\n      \"Effect\": \"Allow\",\n      \"Action\": \"sts:AssumeRole\",\n      \"Principal\": {\n        \"Service\": \"ec2.amazonaws.com\"\n      }\n    }\n  ]\n}",
            "override_json": null,
            "override_policy_documents": null,
            "policy_id": null,
            "source_json": null,
            "source_policy_documents": null,
            "statement": [
              {
                "actions": [
                  "sts:AssumeRole"
                ],
                "condition": [],
                "effect": "Allow",
                "not_actions": [],
                "not_principals": [],
                "not_resources": [],
                "principals": [
                  {
                    "identifiers": [
                      "ec2.amazonaws.com"
                    ],
                    "type": "Service"
                  }
                ],
                "resources": [],
                "sid": ""
              }
            ],
            "version": "2012-10-17"
          },
          "sensitive_attributes": []
        }
      ]
    },
    {
      "mode": "data",
      "type": "aws_key_pair",
      "name": "example",
      "provider": "provider[\"registry.terraform.io/hashicorp/aws\"]",
      "instances": [
        {
          "schema_version": 0,
          "attributes": {
            "arn": "arn:aws:ec2:ap-northeast-1:755754929567:key-pair/terraform-tokyo-key-pair",
            "create_time": "2022-10-14T09:48:44Z",
            "filter": null,
            "fingerprint": "61:6a:ad:4a:ef:65:6b:24:1a:61:76:ff:d0:fd:22:23:92:8b:08:59",
            "id": "key-04da58fb2aaef17a6",
            "include_public_key": false,
            "key_name": "terraform-tokyo-key-pair",
            "key_pair_id": "key-04da58fb2aaef17a6",
            "key_type": "rsa",
            "public_key": "",
            "tags": {},
            "timeouts": null
          },
          "sensitive_attributes": []
        }
      ]
    },
    {
      "mode": "managed",
      "type": "aws_eip",
      "name": "eip_nat",
      "provider": "provider[\"registry.terraform.io/hashicorp/aws\"]",
      "instances": [
        {
          "schema_version": 0,
          "attributes": {
            "address": null,
            "allocation_id": "eipalloc-0755ed840f926d633",
            "associate_with_private_ip": null,
            "association_id": "eipassoc-02548b3de44f83272",
            "carrier_ip": "",
            "customer_owned_ip": "",
            "customer_owned_ipv4_pool": "",
            "domain": "vpc",
            "id": "eipalloc-0755ed840f926d633",
            "instance": "",
            "network_border_group": "ap-northeast-1",
            "network_interface": "eni-09d00e43718b167f7",
            "private_dns": "ip-15-0-1-220.ap-northeast-1.compute.internal",
            "private_ip": "15.0.1.220",
            "public_dns": "ec2-35-79-155-222.ap-northeast-1.compute.amazonaws.com",
            "public_ip": "35.79.155.222",
            "public_ipv4_pool": "amazon",
            "tags": {},
            "tags_all": {},
            "timeouts": null,
            "vpc": true
          },
          "sensitive_attributes": [],
          "private": "eyJlMmJmYjczMC1lY2FhLTExZTYtOGY4OC0zNDM2M2JjN2M0YzAiOnsiZGVsZXRlIjoxODAwMDAwMDAwMDAsInJlYWQiOjkwMDAwMDAwMDAwMCwidXBkYXRlIjozMDAwMDAwMDAwMDB9fQ=="
        }
      ]
    },
    {
      "mode": "managed",
      "type": "aws_iam_instance_profile",
      "name": "ec2_profile",
      "provider": "provider[\"registry.terraform.io/hashicorp/aws\"]",
      "instances": [
        {
          "schema_version": 0,
          "attributes": {
            "arn": "arn:aws:iam::755754929567:instance-profile/ec2_profile",
            "create_date": "2022-10-14T09:49:49Z",
            "id": "ec2_profile",
            "name": "ec2_profile",
            "name_prefix": null,
            "path": "/",
            "role": "EC2-LT-ROLE",
            "tags": {},
            "tags_all": {},
            "unique_id": "AIPA275UBBWPRHSFSAG6H"
          },
          "sensitive_attributes": [],
          "private": "bnVsbA==",
          "dependencies": [
            "data.aws_iam_policy_document.instance-assume-role-policy",
            "module.ec2-iam-role.aws_iam_role.role"
          ],
          "create_before_destroy": true
        }
      ]
    },
    {
      "mode": "managed",
      "type": "aws_route_table",
      "name": "private_route_table",
      "provider": "provider[\"registry.terraform.io/hashicorp/aws\"]",
      "instances": [
        {
          "schema_version": 0,
          "attributes": {
            "arn": "arn:aws:ec2:ap-northeast-1:755754929567:route-table/rtb-0b2b6777bc0ae8670",
            "id": "rtb-0b2b6777bc0ae8670",
            "owner_id": "755754929567",
            "propagating_vgws": [],
            "route": [
              {
                "carrier_gateway_id": "",
                "cidr_block": "0.0.0.0/0",
                "core_network_arn": "",
                "destination_prefix_list_id": "",
                "egress_only_gateway_id": "",
                "gateway_id": "",
                "instance_id": "",
                "ipv6_cidr_block": "",
                "local_gateway_id": "",
                "nat_gateway_id": "nat-0b2b9818dbf6dc42b",
                "network_interface_id": "",
                "transit_gateway_id": "",
                "vpc_endpoint_id": "",
                "vpc_peering_connection_id": ""
              }
            ],
            "tags": {
              "Name": "prod-memberportal-team1-private-rt-apne2"
            },
            "tags_all": {
              "Name": "prod-memberportal-team1-private-rt-apne2"
            },
            "timeouts": null,
            "vpc_id": "vpc-0c6c212490edc7484"
          },
          "sensitive_attributes": [],
          "private": "eyJlMmJmYjczMC1lY2FhLTExZTYtOGY4OC0zNDM2M2JjN2M0YzAiOnsiY3JlYXRlIjozMDAwMDAwMDAwMDAsImRlbGV0ZSI6MzAwMDAwMDAwMDAwLCJ1cGRhdGUiOjEyMDAwMDAwMDAwMH19",
          "dependencies": [
            "aws_eip.eip_nat",
            "module.igw.aws_internet_gateway.tf-gw",
            "module.nat.aws_nat_gateway.nat",
            "module.new_vpc.aws_vpc.tf-vpc",
            "module.public_subnet.aws_subnet.vpc-subnet"
          ]
        }
      ]
    },
    {
      "mode": "managed",
      "type": "aws_route_table",
      "name": "public_route_table",
      "provider": "provider[\"registry.terraform.io/hashicorp/aws\"]",
      "instances": [
        {
          "schema_version": 0,
          "attributes": {
            "arn": "arn:aws:ec2:ap-northeast-1:755754929567:route-table/rtb-0cfc50e7c7400382f",
            "id": "rtb-0cfc50e7c7400382f",
            "owner_id": "755754929567",
            "propagating_vgws": [],
            "route": [
              {
                "carrier_gateway_id": "",
                "cidr_block": "0.0.0.0/0",
                "core_network_arn": "",
                "destination_prefix_list_id": "",
                "egress_only_gateway_id": "",
                "gateway_id": "igw-098b7b22de13ef638",
                "instance_id": "",
                "ipv6_cidr_block": "",
                "local_gateway_id": "",
                "nat_gateway_id": "",
                "network_interface_id": "",
                "transit_gateway_id": "",
                "vpc_endpoint_id": "",
                "vpc_peering_connection_id": ""
              }
            ],
            "tags": {
              "Name": "prod-memberportal-team1-public-rt-apne2"
            },
            "tags_all": {
              "Name": "prod-memberportal-team1-public-rt-apne2"
            },
            "timeouts": null,
            "vpc_id": "vpc-0c6c212490edc7484"
          },
          "sensitive_attributes": [],
          "private": "eyJlMmJmYjczMC1lY2FhLTExZTYtOGY4OC0zNDM2M2JjN2M0YzAiOnsiY3JlYXRlIjozMDAwMDAwMDAwMDAsImRlbGV0ZSI6MzAwMDAwMDAwMDAwLCJ1cGRhdGUiOjEyMDAwMDAwMDAwMH19",
          "dependencies": [
            "module.igw.aws_internet_gateway.tf-gw",
            "module.new_vpc.aws_vpc.tf-vpc"
          ]
        }
      ]
    },
    {
      "mode": "managed",
      "type": "aws_route_table_association",
      "name": "private_rt_association",
      "provider": "provider[\"registry.terraform.io/hashicorp/aws\"]",
      "instances": [
        {
          "index_key": 0,
          "schema_version": 0,
          "attributes": {
            "gateway_id": "",
            "id": "rtbassoc-078c7a99392c10434",
            "route_table_id": "rtb-0b2b6777bc0ae8670",
            "subnet_id": "subnet-0e796cec7cade89bb"
          },
          "sensitive_attributes": [],
          "private": "bnVsbA==",
          "dependencies": [
            "aws_eip.eip_nat",
            "aws_route_table.private_route_table",
            "module.igw.aws_internet_gateway.tf-gw",
            "module.nat.aws_nat_gateway.nat",
            "module.new_vpc.aws_vpc.tf-vpc",
            "module.private_subnet.aws_subnet.vpc-subnet",
            "module.public_subnet.aws_subnet.vpc-subnet"
          ]
        },
        {
          "index_key": 1,
          "schema_version": 0,
          "attributes": {
            "gateway_id": "",
            "id": "rtbassoc-073a6d4905ab2e81d",
            "route_table_id": "rtb-0b2b6777bc0ae8670",
            "subnet_id": "subnet-0ed722618779f3179"
          },
          "sensitive_attributes": [],
          "private": "bnVsbA==",
          "dependencies": [
            "aws_eip.eip_nat",
            "aws_route_table.private_route_table",
            "module.igw.aws_internet_gateway.tf-gw",
            "module.nat.aws_nat_gateway.nat",
            "module.new_vpc.aws_vpc.tf-vpc",
            "module.private_subnet.aws_subnet.vpc-subnet",
            "module.public_subnet.aws_subnet.vpc-subnet"
          ]
        }
      ]
    },
    {
      "mode": "managed",
      "type": "aws_route_table_association",
      "name": "public_rt_association",
      "provider": "provider[\"registry.terraform.io/hashicorp/aws\"]",
      "instances": [
        {
          "index_key": 0,
          "schema_version": 0,
          "attributes": {
            "gateway_id": "",
            "id": "rtbassoc-03011e1d1b9548385",
            "route_table_id": "rtb-0cfc50e7c7400382f",
            "subnet_id": "subnet-0bd2d4d39ff755a0e"
          },
          "sensitive_attributes": [],
          "private": "bnVsbA==",
          "dependencies": [
            "aws_route_table.public_route_table",
            "module.igw.aws_internet_gateway.tf-gw",
            "module.new_vpc.aws_vpc.tf-vpc",
            "module.public_subnet.aws_subnet.vpc-subnet"
          ]
        },
        {
          "index_key": 1,
          "schema_version": 0,
          "attributes": {
            "gateway_id": "",
            "id": "rtbassoc-0a312a9cde2e20d5f",
            "route_table_id": "rtb-0cfc50e7c7400382f",
            "subnet_id": "subnet-0ba96533a4d7a369b"
          },
          "sensitive_attributes": [],
          "private": "bnVsbA==",
          "dependencies": [
            "aws_route_table.public_route_table",
            "module.igw.aws_internet_gateway.tf-gw",
            "module.new_vpc.aws_vpc.tf-vpc",
            "module.public_subnet.aws_subnet.vpc-subnet"
          ]
        }
      ]
    },
    {
      "module": "module.asg",
      "mode": "managed",
      "type": "aws_autoscaling_attachment",
      "name": "asg_attachment",
      "provider": "provider[\"registry.terraform.io/hashicorp/aws\"]",
      "instances": [
        {
          "schema_version": 0,
          "attributes": {
            "alb_target_group_arn": null,
            "autoscaling_group_name": "prod-memberportal-team1-asg",
            "elb": null,
            "id": "prod-memberportal-team1-asg-20221014101214274500000002",
            "lb_target_group_arn": "arn:aws:elasticloadbalancing:ap-northeast-1:755754929567:targetgroup/prod-memberportal-team1-tg/d9d7a7dc441b8db7"
          },
          "sensitive_attributes": [],
          "private": "bnVsbA==",
          "dependencies": [
            "aws_iam_instance_profile.ec2_profile",
            "data.aws_iam_policy_document.instance-assume-role-policy",
            "module.asg.aws_autoscaling_group.asg",
            "module.cloudwatch-group.aws_cloudwatch_log_group.cwg",
            "module.ec2-iam-role.aws_iam_role.role",
            "module.launch-template.aws_launch_template.lc",
            "module.load-balancer.aws_lb_target_group.tg",
            "module.new_vpc.aws_security_group.private_sg",
            "module.new_vpc.aws_vpc.tf-vpc",
            "module.private_subnet.aws_subnet.vpc-subnet",
            "module.s3-bucket.aws_s3_bucket.my-aws_s3_bucket"
          ]
        }
      ]
    },
    {
      "module": "module.asg",
      "mode": "managed",
      "type": "aws_autoscaling_group",
      "name": "asg",
      "provider": "provider[\"registry.terraform.io/hashicorp/aws\"]",
      "instances": [
        {
          "schema_version": 0,
          "attributes": {
            "arn": "arn:aws:autoscaling:ap-northeast-1:755754929567:autoScalingGroup:f2d09e64-9bee-4160-9701-b5de47b9fe8b:autoScalingGroupName/prod-memberportal-team1-asg",
            "availability_zones": [
              "ap-northeast-1a"
            ],
            "capacity_rebalance": false,
            "context": "",
            "default_cooldown": 300,
            "default_instance_warmup": 0,
            "desired_capacity": 1,
            "enabled_metrics": [],
            "force_delete": false,
            "force_delete_warm_pool": false,
            "health_check_grace_period": 300,
            "health_check_type": "ELB",
            "id": "prod-memberportal-team1-asg",
            "initial_lifecycle_hook": [],
            "instance_refresh": [],
            "launch_configuration": "",
            "launch_template": [
              {
                "id": "lt-0e16d47dd36a37a49",
                "name": "basic-lc",
                "version": ""
              }
            ],
            "load_balancers": [],
            "max_instance_lifetime": 0,
            "max_size": 1,
            "metrics_granularity": "1Minute",
            "min_elb_capacity": null,
            "min_size": 1,
            "mixed_instances_policy": [],
            "name": "prod-memberportal-team1-asg",
            "name_prefix": "",
            "placement_group": "",
            "protect_from_scale_in": false,
            "service_linked_role_arn": "arn:aws:iam::755754929567:role/aws-service-role/autoscaling.amazonaws.com/AWSServiceRoleForAutoScaling",
            "suspended_processes": [],
            "tag": [],
            "tags": null,
            "target_group_arns": [
              "arn:aws:elasticloadbalancing:ap-northeast-1:755754929567:targetgroup/prod-memberportal-team1-tg/d9d7a7dc441b8db7"
            ],
            "termination_policies": [],
            "timeouts": null,
            "vpc_zone_identifier": [
              "subnet-0e796cec7cade89bb"
            ],
            "wait_for_capacity_timeout": "10m",
            "wait_for_elb_capacity": null,
            "warm_pool": []
          },
          "sensitive_attributes": [],
          "private": "eyJlMmJmYjczMC1lY2FhLTExZTYtOGY4OC0zNDM2M2JjN2M0YzAiOnsiZGVsZXRlIjo2MDAwMDAwMDAwMDAsInVwZGF0ZSI6NjAwMDAwMDAwMDAwfX0=",
          "dependencies": [
            "aws_iam_instance_profile.ec2_profile",
            "data.aws_iam_policy_document.instance-assume-role-policy",
            "module.cloudwatch-group.aws_cloudwatch_log_group.cwg",
            "module.ec2-iam-role.aws_iam_role.role",
            "module.launch-template.aws_launch_template.lc",
            "module.new_vpc.aws_security_group.private_sg",
            "module.new_vpc.aws_vpc.tf-vpc",
            "module.private_subnet.aws_subnet.vpc-subnet",
            "module.s3-bucket.aws_s3_bucket.my-aws_s3_bucket"
          ]
        }
      ]
    },
    {
      "module": "module.cloudwatch-group",
      "mode": "managed",
      "type": "aws_cloudwatch_log_group",
      "name": "cwg",
      "provider": "provider[\"registry.terraform.io/hashicorp/aws\"]",
      "instances": [
        {
          "schema_version": 0,
          "attributes": {
            "arn": "arn:aws:logs:ap-northeast-1:755754929567:log-group:prod-memberportal-team1-cloudwatch-group",
            "id": "prod-memberportal-team1-cloudwatch-group",
            "kms_key_id": "",
            "name": "prod-memberportal-team1-cloudwatch-group",
            "name_prefix": null,
            "retention_in_days": 0,
            "tags": {},
            "tags_all": {}
          },
          "sensitive_attributes": [],
          "private": "bnVsbA==",
          "create_before_destroy": true
        }
      ]
    },
    {
      "module": "module.ec2-iam-role",
      "mode": "managed",
      "type": "aws_iam_role",
      "name": "role",
      "provider": "provider[\"registry.terraform.io/hashicorp/aws\"]",
      "instances": [
        {
          "schema_version": 0,
          "attributes": {
            "arn": "arn:aws:iam::755754929567:role/EC2-LT-ROLE",
            "assume_role_policy": "{\"Statement\":[{\"Action\":\"sts:AssumeRole\",\"Effect\":\"Allow\",\"Principal\":{\"Service\":\"ec2.amazonaws.com\"},\"Sid\":\"\"}],\"Version\":\"2012-10-17\"}",
            "create_date": "2022-10-14T09:49:47Z",
            "description": "",
            "force_detach_policies": false,
            "id": "EC2-LT-ROLE",
            "inline_policy": [],
            "managed_policy_arns": [
              "arn:aws:iam::aws:policy/AmazonS3FullAccess",
              "arn:aws:iam::aws:policy/CloudWatchAgentServerPolicy"
            ],
            "max_session_duration": 3600,
            "name": "EC2-LT-ROLE",
            "name_prefix": "",
            "path": "/",
            "permissions_boundary": null,
            "tags": {},
            "tags_all": {},
            "unique_id": "AROA275UBBWP7UW56PNT2"
          },
          "sensitive_attributes": [],
          "private": "bnVsbA==",
          "dependencies": [
            "data.aws_iam_policy_document.instance-assume-role-policy"
          ],
          "create_before_destroy": true
        }
      ]
    },
    {
      "module": "module.igw",
      "mode": "managed",
      "type": "aws_internet_gateway",
      "name": "tf-gw",
      "provider": "provider[\"registry.terraform.io/hashicorp/aws\"]",
      "instances": [
        {
          "schema_version": 0,
          "attributes": {
            "arn": "arn:aws:ec2:ap-northeast-1:755754929567:internet-gateway/igw-098b7b22de13ef638",
            "id": "igw-098b7b22de13ef638",
            "owner_id": "755754929567",
            "tags": {
              "Name": "prod-memberportal-team1-igw-apne2"
            },
            "tags_all": {
              "Name": "prod-memberportal-team1-igw-apne2"
            },
            "timeouts": null,
            "vpc_id": "vpc-0c6c212490edc7484"
          },
          "sensitive_attributes": [],
          "private": "eyJlMmJmYjczMC1lY2FhLTExZTYtOGY4OC0zNDM2M2JjN2M0YzAiOnsiY3JlYXRlIjoxMjAwMDAwMDAwMDAwLCJkZWxldGUiOjEyMDAwMDAwMDAwMDAsInVwZGF0ZSI6MTIwMDAwMDAwMDAwMH19",
          "dependencies": [
            "module.new_vpc.aws_vpc.tf-vpc"
          ]
        }
      ]
    },
    {
      "module": "module.launch-template",
      "mode": "managed",
      "type": "aws_launch_template",
      "name": "lc",
      "provider": "provider[\"registry.terraform.io/hashicorp/aws\"]",
      "instances": [
        {
          "schema_version": 0,
          "attributes": {
            "arn": "arn:aws:ec2:ap-northeast-1:755754929567:launch-template/lt-0e16d47dd36a37a49",
            "block_device_mappings": [
              {
                "device_name": "/dev/sda1",
                "ebs": [
                  {
                    "delete_on_termination": "true",
                    "encrypted": "",
                    "iops": 0,
                    "kms_key_id": "",
                    "snapshot_id": "",
                    "throughput": 0,
                    "volume_size": 100,
                    "volume_type": "gp2"
                  }
                ],
                "no_device": "",
                "virtual_name": ""
              }
            ],
            "capacity_reservation_specification": [],
            "cpu_options": [],
            "credit_specification": [],
            "default_version": 5,
            "description": "",
            "disable_api_stop": false,
            "disable_api_termination": false,
            "ebs_optimized": "",
            "elastic_gpu_specifications": [],
            "elastic_inference_accelerator": [],
            "enclave_options": [],
            "hibernation_options": [],
            "iam_instance_profile": [
              {
                "arn": "arn:aws:iam::755754929567:instance-profile/ec2_profile",
                "name": ""
              }
            ],
            "id": "lt-0e16d47dd36a37a49",
            "image_id": "ami-078296f82eb463377",
            "instance_initiated_shutdown_behavior": "",
            "instance_market_options": [],
            "instance_requirements": [],
            "instance_type": "t3.medium",
            "kernel_id": "",
            "key_name": "terraform-tokyo-key-pair",
            "latest_version": 5,
            "license_specification": [],
            "maintenance_options": [],
            "metadata_options": [],
            "monitoring": [
              {
                "enabled": true
              }
            ],
            "name": "basic-lc",
            "name_prefix": "",
            "network_interfaces": [],
            "placement": [],
            "private_dns_name_options": [],
            "ram_disk_id": "",
            "security_group_names": [],
            "tag_specifications": [
              {
                "resource_type": "instance",
                "tags": {
                  "Name": "prod-memberportal-team1-web-asg"
                }
              }
            ],
            "tags": {},
            "tags_all": {},
            "update_default_version": true,
            "user_data": "IyEvdXNyL2Jpbi9iYXNoCgpzdWRvIHl1bSB1cGRhdGUgLXkKc3VkbyBzdQplY2hvICJJbnN0YWxsaW5nIEphdmEgMTEuLiIKYW1hem9uLWxpbnV4LWV4dHJhcyBpbnN0YWxsIGphdmEtb3BlbmpkazExIC15CmVjaG8g4oCcU2V0dGluZyBvcGVuamRrMTEgYXMgZGVmYXVsdC4u4oCdCnN1ZG8gL3Vzci9zYmluL2FsdGVybmF0aXZlcyAtLXNldCBqYXZhIC91c3IvbGliL2p2bS9qYXZhLTExLW9wZW5qZGstMTEuMC4yLjctMC5hbXpuMi54ODZfNjQvYmluL2phdmEKc3VkbyAvdXNyL3NiaW4vYWx0ZXJuYXRpdmVzIC0tc2V0IGphdmFjIC91c3IvbGliL2p2bS9qYXZhLTExLW9wZW5qZGstMTEuMC4yLjctMC5hbXpuMi54ODZfNjQvYmluL2phdmFjCgojIyBWZXJpZnlpbmcgVG9tY2F0IEluc3RhbGxhdGlvbiBEaXJlY3RvcnkgIyMKCiMjIHN1ZG8gZ3JvdXBhZGQgLS1zeXN0ZW0gdG9tY2F0CiMjc3VkbyB1c2VyYWRkIC1kIC91c3Ivc2hhcmUvdG9tY2F0IC1yIC1zIC9iaW4vZmFsc2UgLWcgdG9tY2F0IHRvbWNhdAojI3N1ZG8geXVtIC15IGluc3RhbGwgd2dldAojI3dnZXQgaHR0cHM6Ly9kbGNkbi5hcGFjaGUub3JnL3RvbWNhdC90b21jYXQtOC92OC41LjgyL2Jpbi9hcGFjaGUtdG9tY2F0LTguNS44Mi50YXIuZ3oKIyNzdWRvIHRhciAteHZmIGFwYWNoZS10b21jYXQtOC41LjgyLnRhci5neiAtQyAvdXNyL3NoYXJlLwojI3N1ZG8gbG4gLXMgL3Vzci9zaGFyZS9hcGFjaGUtdG9tY2F0LTguNS44Mi8gL3Vzci9zaGFyZS90b21jYXQKIyNzdWRvIGNob3duIC1SIHRvbWNhdDp0b21jYXQgL3Vzci9zaGFyZS90b21jYXQKIyNzdWRvIGNob3duIC1SIHRvbWNhdDp0b21jYXQgL3Vzci9zaGFyZS9hcGFjaGUtdG9tY2F0LTguNS44Mi8KCnN1ZG8gZ3JvdXBhZGQgLS1zeXN0ZW0gdG9tY2F0CnN1ZG8gdXNlcmFkZCAtZCAvdXNyL3NoYXJlL3RvbWNhdCAtciAtcyAvYmluL2ZhbHNlIC1nIHRvbWNhdCB0b21jYXQKc3VkbyB5dW0gLXkgaW5zdGFsbCB3Z2V0CiN3Z2V0IGh0dHBzOi8vZGxjZG4uYXBhY2hlLm9yZy90b21jYXQvdG9tY2F0LTgvdjguKi9iaW4vYXBhY2hlLXRvbWNhdC0qLnRhci5negphd3MgczMgY3AgczM6Ly9wcm9kLW1lbWJlcnBvcnRhbC10ZWFtMS1jbG91ZGZyb250L2FwYWNoZS10b21jYXQtOC41LjgzLnRhci5neiAuCnN1ZG8gdGFyIC14dmYgKi50YXIuZ3ogLUMgL3Vzci9zaGFyZS8Kc3VkbyBsbiAtcyAvdXNyL3NoYXJlL2FwYWNoZS10b21jYXQtKi8gL3Vzci9zaGFyZS90b21jYXQKc3VkbyBjaG93biAtUiB0b21jYXQ6dG9tY2F0IC91c3Ivc2hhcmUvdG9tY2F0CnN1ZG8gY2hvd24gLVIgdG9tY2F0OnRvbWNhdCAvdXNyL3NoYXJlL2FwYWNoZS10b21jYXQtKi8KCnN1ZG8gY2F0ID4vZXRjL3N5c3RlbWQvc3lzdGVtL3RvbWNhdC5zZXJ2aWNlIDw8RU9MCltVbml0XQpEZXNjcmlwdGlvbj1Ub21jYXQgU2VydmVyCkFmdGVyPXN5c2xvZy50YXJnZXQgbmV0d29yay50YXJnZXQKCltTZXJ2aWNlXQpUeXBlPWZvcmtpbmcKVXNlcj10b21jYXQKR3JvdXA9dG9tY2F0CgpFbnZpcm9ubWVudD1KQVZBX0hPTUU9L3Vzci9saWIvanZtL2pyZQpFbnZpcm9ubWVudD0nSkFWQV9PUFRTPS1EamF2YS5hd3QuaGVhZGxlc3M9dHJ1ZScKRW52aXJvbm1lbnQ9Q0FUQUxJTkFfSE9NRT0vdXNyL3NoYXJlL3RvbWNhdApFbnZpcm9ubWVudD1DQVRBTElOQV9CQVNFPS91c3Ivc2hhcmUvdG9tY2F0CkVudmlyb25tZW50PUNBVEFMSU5BX1BJRD0vdXNyL3NoYXJlL3RvbWNhdC90ZW1wL3RvbWNhdC5waWQKRW52aXJvbm1lbnQ9J0NBVEFMSU5BX09QVFM9LVhtczUxMk0gLVhteDEwMjRNJwpFeGVjU3RhcnQ9L3Vzci9zaGFyZS90b21jYXQvYmluL2NhdGFsaW5hLnNoIHN0YXJ0CkV4ZWNTdG9wPS91c3Ivc2hhcmUvdG9tY2F0L2Jpbi9jYXRhbGluYS5zaCBzdG9wClN0YW5kYXJkT3V0cHV0PXN5c2xvZwpTdGFuZGFyZEVycm9yPXN5c2xvZwpbSW5zdGFsbF0KV2FudGVkQnk9bXVsdGktdXNlci50YXJnZXQKRU9MCm1rZGlyIC9BcHBMb2cKc3VkbyBzdQojIyBlZGl0IGNhdGFsaW5hLnByb3BlcnRpZXMKY2F0IDw8IEVPTCA+PiAvdXNyL3NoYXJlL3RvbWNhdC9jb25mL2NhdGFsaW5hLnByb3BlcnRpZXMKZW52PXByb2QKbG9nLnBhdGg9Lgpsb2cucm9vdGxldmVsPWRlYnVnCmF3cy5lcy5lbmRwb2ludD0Kc3ByaW5nLnByb2ZpbGVzLmFjdGl2ZT1sb2NhbApzMy5idWNrZXQ9cHJvZC1tZW1iZXJwb3J0YWwtdGVhbTEtY2xvdWRmcm9udC1zMwpDQVRBTElOQV9PUFRTPSItRGxvZzRqMi5mb3JtYXRNc2dOb0xvb2t1cHM9dHJ1ZSIKQVdTX1JFR0lPTj1hcC1ub3J0aGVhc3QtMQpFT0wKIyMgZWRpdCBzZXJ2ZXIueG1sCnN1ZG8gc2VkIC1pICdzLzxIb3N0IG5hbWU9ImxvY2FsaG9zdCIgIGFwcEJhc2U9IndlYmFwcHMiIHVucGFja1dBUnM9InRydWUiIGF1dG9EZXBsb3k9InRydWUiPi88SG9zdCBuYW1lPSJsb2NhbGhvc3QiIGFwcEJhc2U9IndlYmFwcHMiIHVucGFja1dBUnM9InRydWUiIGF1dG9EZXBsb3k9ImZhbHNlIiBkZXBsb3lPblN0YXJ0dXA9ImZhbHNlIiA+IDxDb250ZXh0IHBhdGg9IiIgZG9jQmFzZT0iYXJndXMtYWFjLXdlYiI+PC9Db250ZXh0Pi9nJyAvdXNyL3NoYXJlL3RvbWNhdC9jb25mL3NlcnZlci54bWwKCgpzdWRvIHN5c3RlbWN0bCBkYWVtb24tcmVsb2FkCnN1ZG8gc3lzdGVtY3RsIHN0YXJ0IHRvbWNhdApzdWRvIHN5c3RlbWN0bCBlbmFibGUgdG9tY2F0CgoKI0VuYWJsZSBDbG91ZHdhdGNoCnN1ZG8geXVtIHVwZGF0ZSAteQpzdWRvIHl1bSBpbnN0YWxsIGF3c2xvZ3MgLXkKc3VkbyBzZWQgLWkgInMvbG9nX2dyb3VwX25hbWUgPSBcL3ZhclwvbG9nXC9tZXNzYWdlcy9sb2dfZ3JvdXBfbmFtZSA9IHByb2QtbWVtYmVycG9ydGFsLXRlYW0xLWNsb3Vkd2F0Y2gtZ3JvdXAvIiAvZXRjL2F3c2xvZ3MvYXdzbG9ncy5jb25mCnN1ZG8gc2VkIC1pICdzL3VzLWVhc3QtMS9hcC1ub3J0aGVhc3QtMS9nJyAvZXRjL2F3c2xvZ3MvYXdzY2xpLmNvbmYKc3VkbyBzZXJ2aWNlIGF3c2xvZ3NkIHN0YXJ0CnN1ZG8gc3lzdGVtY3RsIGVuYWJsZSBhd3Nsb2dzZAoKI1Bvc3RncmVzc0NsaWVudApzdWRvIGFtYXpvbi1saW51eC1leHRyYXMgaW5zdGFsbCBwb3N0Z3Jlc3FsMTIKCgojQ29kZWRlcGxveSBpbnN0YWxsCnN1ZG8geXVtIGluc3RhbGwgcnVieSAteQpzdWRvIHl1bSBpbnN0YWxsIHdnZXQgLXkKc3VkbyBjZCAvaG9tZS9lYzItdXNlcgpzdWRvIHdnZXQgaHR0cHM6Ly9hd3MtY29kZWRlcGxveS1hcC1ub3J0aGVhc3QtMi5zMy5hcC1ub3J0aGVhc3QtMi5hbWF6b25hd3MuY29tL2xhdGVzdC9pbnN0YWxsCnN1ZG8gY2htb2QgK3ggLi9pbnN0YWxsCnN1ZG8gLi9pbnN0YWxsIGF1dG8Kc3VkbyBzZXJ2aWNlIGNvZGVkZXBsb3ktYWdlbnQgc3RhdHVzCnN1ZG8gc2VydmljZSBjb2RlZGVwbG95LWFnZW50IHN0YXJ0CnN1ZG8gc2VydmljZSBjb2RlZGVwbG95LWFnZW50IHN0YXR1cw==",
            "vpc_security_group_ids": [
              "sg-0e113cf197ba2ad9c"
            ]
          },
          "sensitive_attributes": [],
          "private": "bnVsbA==",
          "dependencies": [
            "aws_iam_instance_profile.ec2_profile",
            "module.cloudwatch-group.aws_cloudwatch_log_group.cwg",
            "module.new_vpc.aws_security_group.private_sg",
            "module.s3-bucket.aws_s3_bucket.my-aws_s3_bucket"
          ],
          "create_before_destroy": true
        }
      ]
    },
    {
      "module": "module.load-balancer",
      "mode": "managed",
      "type": "aws_lb",
      "name": "load_balancer",
      "provider": "provider[\"registry.terraform.io/hashicorp/aws\"]",
      "instances": [
        {
          "schema_version": 0,
          "attributes": {
            "access_logs": [
              {
                "bucket": "",
                "enabled": false,
                "prefix": ""
              }
            ],
            "arn": "arn:aws:elasticloadbalancing:ap-northeast-1:755754929567:loadbalancer/app/prod-memberportal-team1-alb/1437577818fe04f2",
            "arn_suffix": "app/prod-memberportal-team1-alb/1437577818fe04f2",
            "customer_owned_ipv4_pool": "",
            "desync_mitigation_mode": "defensive",
            "dns_name": "prod-memberportal-team1-alb-256501308.ap-northeast-1.elb.amazonaws.com",
            "drop_invalid_header_fields": false,
            "enable_cross_zone_load_balancing": null,
            "enable_deletion_protection": false,
            "enable_http2": true,
            "enable_waf_fail_open": false,
            "id": "arn:aws:elasticloadbalancing:ap-northeast-1:755754929567:loadbalancer/app/prod-memberportal-team1-alb/1437577818fe04f2",
            "idle_timeout": 60,
            "internal": false,
            "ip_address_type": "ipv4",
            "load_balancer_type": "application",
            "name": "prod-memberportal-team1-alb",
            "name_prefix": null,
            "preserve_host_header": false,
            "security_groups": [
              "sg-00faa99b3204cadee"
            ],
            "subnet_mapping": [
              {
                "allocation_id": "",
                "ipv6_address": "",
                "outpost_id": "",
                "private_ipv4_address": "",
                "subnet_id": "subnet-0ba96533a4d7a369b"
              },
              {
                "allocation_id": "",
                "ipv6_address": "",
                "outpost_id": "",
                "private_ipv4_address": "",
                "subnet_id": "subnet-0bd2d4d39ff755a0e"
              }
            ],
            "subnets": [
              "subnet-0ba96533a4d7a369b",
              "subnet-0bd2d4d39ff755a0e"
            ],
            "tags": {},
            "tags_all": {},
            "timeouts": null,
            "vpc_id": "vpc-0c6c212490edc7484",
            "zone_id": "Z14GRHDCWA56QT"
          },
          "sensitive_attributes": [],
          "private": "eyJlMmJmYjczMC1lY2FhLTExZTYtOGY4OC0zNDM2M2JjN2M0YzAiOnsiY3JlYXRlIjo2MDAwMDAwMDAwMDAsImRlbGV0ZSI6NjAwMDAwMDAwMDAwLCJ1cGRhdGUiOjYwMDAwMDAwMDAwMH19",
          "dependencies": [
            "module.new_vpc.aws_security_group.lb_sg",
            "module.new_vpc.aws_vpc.tf-vpc",
            "module.public_subnet.aws_subnet.vpc-subnet"
          ]
        }
      ]
    },
    {
      "module": "module.load-balancer",
      "mode": "managed",
      "type": "aws_lb_listener",
      "name": "listener",
      "provider": "provider[\"registry.terraform.io/hashicorp/aws\"]",
      "instances": [
        {
          "schema_version": 0,
          "attributes": {
            "alpn_policy": null,
            "arn": "arn:aws:elasticloadbalancing:ap-northeast-1:755754929567:listener/app/prod-memberportal-team1-alb/1437577818fe04f2/aeec1b07ff138815",
            "certificate_arn": null,
            "default_action": [
              {
                "authenticate_cognito": [],
                "authenticate_oidc": [],
                "fixed_response": [],
                "forward": [],
                "order": 1,
                "redirect": [],
                "target_group_arn": "arn:aws:elasticloadbalancing:ap-northeast-1:755754929567:targetgroup/prod-memberportal-team1-tg/d9d7a7dc441b8db7",
                "type": "forward"
              }
            ],
            "id": "arn:aws:elasticloadbalancing:ap-northeast-1:755754929567:listener/app/prod-memberportal-team1-alb/1437577818fe04f2/aeec1b07ff138815",
            "load_balancer_arn": "arn:aws:elasticloadbalancing:ap-northeast-1:755754929567:loadbalancer/app/prod-memberportal-team1-alb/1437577818fe04f2",
            "port": 80,
            "protocol": "HTTP",
            "ssl_policy": "",
            "tags": {},
            "tags_all": {},
            "timeouts": null
          },
          "sensitive_attributes": [],
          "private": "eyJlMmJmYjczMC1lY2FhLTExZTYtOGY4OC0zNDM2M2JjN2M0YzAiOnsicmVhZCI6NjAwMDAwMDAwMDAwfX0=",
          "dependencies": [
            "module.load-balancer.aws_lb.load_balancer",
            "module.load-balancer.aws_lb_target_group.tg",
            "module.new_vpc.aws_security_group.lb_sg",
            "module.new_vpc.aws_vpc.tf-vpc",
            "module.public_subnet.aws_subnet.vpc-subnet"
          ]
        }
      ]
    },
    {
      "module": "module.load-balancer",
      "mode": "managed",
      "type": "aws_lb_target_group",
      "name": "tg",
      "provider": "provider[\"registry.terraform.io/hashicorp/aws\"]",
      "instances": [
        {
          "schema_version": 0,
          "attributes": {
            "arn": "arn:aws:elasticloadbalancing:ap-northeast-1:755754929567:targetgroup/prod-memberportal-team1-tg/d9d7a7dc441b8db7",
            "arn_suffix": "targetgroup/prod-memberportal-team1-tg/d9d7a7dc441b8db7",
            "connection_termination": false,
            "deregistration_delay": "300",
            "health_check": [
              {
                "enabled": true,
                "healthy_threshold": 5,
                "interval": 30,
                "matcher": "200",
                "path": "/",
                "port": "traffic-port",
                "protocol": "HTTP",
                "timeout": 5,
                "unhealthy_threshold": 2
              }
            ],
            "id": "arn:aws:elasticloadbalancing:ap-northeast-1:755754929567:targetgroup/prod-memberportal-team1-tg/d9d7a7dc441b8db7",
            "ip_address_type": null,
            "lambda_multi_value_headers_enabled": false,
            "load_balancing_algorithm_type": "round_robin",
            "name": "prod-memberportal-team1-tg",
            "name_prefix": null,
            "port": 8080,
            "preserve_client_ip": null,
            "protocol": "HTTP",
            "protocol_version": "HTTP1",
            "proxy_protocol_v2": false,
            "slow_start": 0,
            "stickiness": [
              {
                "cookie_duration": 86400,
                "cookie_name": "",
                "enabled": false,
                "type": "lb_cookie"
              }
            ],
            "tags": {},
            "tags_all": {},
            "target_type": "instance",
            "vpc_id": "vpc-0c6c212490edc7484"
          },
          "sensitive_attributes": [],
          "private": "bnVsbA==",
          "dependencies": [
            "module.new_vpc.aws_vpc.tf-vpc"
          ],
          "create_before_destroy": true
        }
      ]
    },
    {
      "module": "module.nat",
      "mode": "managed",
      "type": "aws_nat_gateway",
      "name": "nat",
      "provider": "provider[\"registry.terraform.io/hashicorp/aws\"]",
      "instances": [
        {
          "schema_version": 0,
          "attributes": {
            "allocation_id": "eipalloc-0755ed840f926d633",
            "connectivity_type": "public",
            "id": "nat-0b2b9818dbf6dc42b",
            "network_interface_id": "eni-09d00e43718b167f7",
            "private_ip": "15.0.1.220",
            "public_ip": "35.79.155.222",
            "subnet_id": "subnet-0bd2d4d39ff755a0e",
            "tags": {
              "Name": "prod-memberportal-team1-nat-apne2"
            },
            "tags_all": {
              "Name": "prod-memberportal-team1-nat-apne2"
            }
          },
          "sensitive_attributes": [],
          "private": "bnVsbA==",
          "dependencies": [
            "aws_eip.eip_nat",
            "module.igw.aws_internet_gateway.tf-gw",
            "module.new_vpc.aws_vpc.tf-vpc",
            "module.public_subnet.aws_subnet.vpc-subnet"
          ]
        }
      ]
    },
    {
      "module": "module.new_vpc",
      "mode": "managed",
      "type": "aws_security_group",
      "name": "lb_sg",
      "provider": "provider[\"registry.terraform.io/hashicorp/aws\"]",
      "instances": [
        {
          "schema_version": 1,
          "attributes": {
            "arn": "arn:aws:ec2:ap-northeast-1:755754929567:security-group/sg-00faa99b3204cadee",
            "description": "ALB security group",
            "egress": [
              {
                "cidr_blocks": [
                  "0.0.0.0/0"
                ],
                "description": "",
                "from_port": 0,
                "ipv6_cidr_blocks": [],
                "prefix_list_ids": [],
                "protocol": "-1",
                "security_groups": [],
                "self": false,
                "to_port": 0
              }
            ],
            "id": "sg-00faa99b3204cadee",
            "ingress": [
              {
                "cidr_blocks": [
                  "0.0.0.0/0"
                ],
                "description": "",
                "from_port": 80,
                "ipv6_cidr_blocks": [],
                "prefix_list_ids": [],
                "protocol": "tcp",
                "security_groups": [],
                "self": false,
                "to_port": 80
              }
            ],
            "name": "terraform-20221014094949656800000002",
            "name_prefix": "terraform-",
            "owner_id": "755754929567",
            "revoke_rules_on_delete": false,
            "tags": {
              "Name": "prod-memberportal-team1-alb-sg-apne2"
            },
            "tags_all": {
              "Name": "prod-memberportal-team1-alb-sg-apne2"
            },
            "timeouts": null,
            "vpc_id": "vpc-0c6c212490edc7484"
          },
          "sensitive_attributes": [],
          "private": "eyJlMmJmYjczMC1lY2FhLTExZTYtOGY4OC0zNDM2M2JjN2M0YzAiOnsiY3JlYXRlIjo2MDAwMDAwMDAwMDAsImRlbGV0ZSI6OTAwMDAwMDAwMDAwfSwic2NoZW1hX3ZlcnNpb24iOiIxIn0=",
          "dependencies": [
            "module.new_vpc.aws_vpc.tf-vpc"
          ]
        }
      ]
    },
    {
      "module": "module.new_vpc",
      "mode": "managed",
      "type": "aws_security_group",
      "name": "private_sg",
      "provider": "provider[\"registry.terraform.io/hashicorp/aws\"]",
      "instances": [
        {
          "schema_version": 1,
          "attributes": {
            "arn": "arn:aws:ec2:ap-northeast-1:755754929567:security-group/sg-0e113cf197ba2ad9c",
            "description": "Private ec2 security group",
            "egress": [
              {
                "cidr_blocks": [
                  "0.0.0.0/0"
                ],
                "description": "",
                "from_port": 0,
                "ipv6_cidr_blocks": [],
                "prefix_list_ids": [],
                "protocol": "-1",
                "security_groups": [],
                "self": false,
                "to_port": 0
              }
            ],
            "id": "sg-0e113cf197ba2ad9c",
            "ingress": [
              {
                "cidr_blocks": [],
                "description": "",
                "from_port": 22,
                "ipv6_cidr_blocks": [],
                "prefix_list_ids": [],
                "protocol": "tcp",
                "security_groups": [
                  "sg-06f33fc4761964de4"
                ],
                "self": false,
                "to_port": 22
              },
              {
                "cidr_blocks": [],
                "description": "",
                "from_port": 5432,
                "ipv6_cidr_blocks": [],
                "prefix_list_ids": [],
                "protocol": "tcp",
                "security_groups": [
                  "sg-07c1ef07728541c52"
                ],
                "self": false,
                "to_port": 5432
              },
              {
                "cidr_blocks": [],
                "description": "",
                "from_port": 8080,
                "ipv6_cidr_blocks": [],
                "prefix_list_ids": [],
                "protocol": "tcp",
                "security_groups": [
                  "sg-00faa99b3204cadee"
                ],
                "self": false,
                "to_port": 8080
              }
            ],
            "name": "terraform-20221014094949657300000003",
            "name_prefix": "terraform-",
            "owner_id": "755754929567",
            "revoke_rules_on_delete": false,
            "tags": {
              "Name": "prod-memberportal-team1-private-sg-apne2"
            },
            "tags_all": {
              "Name": "prod-memberportal-team1-private-sg-apne2"
            },
            "timeouts": null,
            "vpc_id": "vpc-0c6c212490edc7484"
          },
          "sensitive_attributes": [],
          "private": "eyJlMmJmYjczMC1lY2FhLTExZTYtOGY4OC0zNDM2M2JjN2M0YzAiOnsiY3JlYXRlIjo2MDAwMDAwMDAwMDAsImRlbGV0ZSI6OTAwMDAwMDAwMDAwfSwic2NoZW1hX3ZlcnNpb24iOiIxIn0=",
          "dependencies": [
            "module.new_vpc.aws_vpc.tf-vpc"
          ],
          "create_before_destroy": true
        }
      ]
    },
    {
      "module": "module.new_vpc",
      "mode": "managed",
      "type": "aws_security_group",
      "name": "public_sg",
      "provider": "provider[\"registry.terraform.io/hashicorp/aws\"]",
      "instances": [
        {
          "schema_version": 1,
          "attributes": {
            "arn": "arn:aws:ec2:ap-northeast-1:755754929567:security-group/sg-06f33fc4761964de4",
            "description": "public ec2 security group",
            "egress": [
              {
                "cidr_blocks": [
                  "0.0.0.0/0"
                ],
                "description": "",
                "from_port": 0,
                "ipv6_cidr_blocks": [],
                "prefix_list_ids": [],
                "protocol": "-1",
                "security_groups": [],
                "self": false,
                "to_port": 0
              }
            ],
            "id": "sg-06f33fc4761964de4",
            "ingress": [
              {
                "cidr_blocks": [
                  "0.0.0.0/0"
                ],
                "description": "",
                "from_port": 0,
                "ipv6_cidr_blocks": [],
                "prefix_list_ids": [],
                "protocol": "-1",
                "security_groups": [],
                "self": false,
                "to_port": 0
              }
            ],
            "name": "terraform-20221014094949654600000001",
            "name_prefix": "terraform-",
            "owner_id": "755754929567",
            "revoke_rules_on_delete": false,
            "tags": {
              "Name": "prod-memberportal-team1-public-sg-apne2"
            },
            "tags_all": {
              "Name": "prod-memberportal-team1-public-sg-apne2"
            },
            "timeouts": null,
            "vpc_id": "vpc-0c6c212490edc7484"
          },
          "sensitive_attributes": [],
          "private": "eyJlMmJmYjczMC1lY2FhLTExZTYtOGY4OC0zNDM2M2JjN2M0YzAiOnsiY3JlYXRlIjo2MDAwMDAwMDAwMDAsImRlbGV0ZSI6OTAwMDAwMDAwMDAwfSwic2NoZW1hX3ZlcnNpb24iOiIxIn0=",
          "dependencies": [
            "module.new_vpc.aws_vpc.tf-vpc"
          ]
        }
      ]
    },
    {
      "module": "module.new_vpc",
      "mode": "managed",
      "type": "aws_security_group",
      "name": "rds_sg",
      "provider": "provider[\"registry.terraform.io/hashicorp/aws\"]",
      "instances": [
        {
          "schema_version": 1,
          "attributes": {
            "arn": "arn:aws:ec2:ap-northeast-1:755754929567:security-group/sg-07c1ef07728541c52",
            "description": "RDS security group",
            "egress": [
              {
                "cidr_blocks": [
                  "0.0.0.0/0"
                ],
                "description": "",
                "from_port": 0,
                "ipv6_cidr_blocks": [],
                "prefix_list_ids": [],
                "protocol": "-1",
                "security_groups": [],
                "self": false,
                "to_port": 0
              }
            ],
            "id": "sg-07c1ef07728541c52",
            "ingress": [
              {
                "cidr_blocks": [],
                "description": "",
                "from_port": 5432,
                "ipv6_cidr_blocks": [],
                "prefix_list_ids": [],
                "protocol": "tcp",
                "security_groups": [
                  "sg-06f33fc4761964de4",
                  "sg-0e113cf197ba2ad9c"
                ],
                "self": false,
                "to_port": 5432
              }
            ],
            "name": "terraform-20221014094949657500000004",
            "name_prefix": "terraform-",
            "owner_id": "755754929567",
            "revoke_rules_on_delete": false,
            "tags": {
              "Name": "prod-memberportal-team1-rds-sg-apne2"
            },
            "tags_all": {
              "Name": "prod-memberportal-team1-rds-sg-apne2"
            },
            "timeouts": null,
            "vpc_id": "vpc-0c6c212490edc7484"
          },
          "sensitive_attributes": [],
          "private": "eyJlMmJmYjczMC1lY2FhLTExZTYtOGY4OC0zNDM2M2JjN2M0YzAiOnsiY3JlYXRlIjo2MDAwMDAwMDAwMDAsImRlbGV0ZSI6OTAwMDAwMDAwMDAwfSwic2NoZW1hX3ZlcnNpb24iOiIxIn0=",
          "dependencies": [
            "module.new_vpc.aws_vpc.tf-vpc"
          ]
        }
      ]
    },
    {
      "module": "module.new_vpc",
      "mode": "managed",
      "type": "aws_security_group_rule",
      "name": "private_sg_rule_1",
      "provider": "provider[\"registry.terraform.io/hashicorp/aws\"]",
      "instances": [
        {
          "schema_version": 2,
          "attributes": {
            "cidr_blocks": null,
            "description": "",
            "from_port": 22,
            "id": "sgrule-1420444040",
            "ipv6_cidr_blocks": null,
            "prefix_list_ids": null,
            "protocol": "tcp",
            "security_group_id": "sg-0e113cf197ba2ad9c",
            "self": false,
            "source_security_group_id": "sg-06f33fc4761964de4",
            "timeouts": null,
            "to_port": 22,
            "type": "ingress"
          },
          "sensitive_attributes": [],
          "private": "eyJlMmJmYjczMC1lY2FhLTExZTYtOGY4OC0zNDM2M2JjN2M0YzAiOnsiY3JlYXRlIjozMDAwMDAwMDAwMDB9LCJzY2hlbWFfdmVyc2lvbiI6IjIifQ==",
          "dependencies": [
            "module.new_vpc.aws_security_group.private_sg",
            "module.new_vpc.aws_security_group.public_sg",
            "module.new_vpc.aws_vpc.tf-vpc"
          ]
        }
      ]
    },
    {
      "module": "module.new_vpc",
      "mode": "managed",
      "type": "aws_security_group_rule",
      "name": "private_sg_rule_2",
      "provider": "provider[\"registry.terraform.io/hashicorp/aws\"]",
      "instances": [
        {
          "schema_version": 2,
          "attributes": {
            "cidr_blocks": null,
            "description": "",
            "from_port": 5432,
            "id": "sgrule-2369548373",
            "ipv6_cidr_blocks": null,
            "prefix_list_ids": null,
            "protocol": "tcp",
            "security_group_id": "sg-0e113cf197ba2ad9c",
            "self": false,
            "source_security_group_id": "sg-07c1ef07728541c52",
            "timeouts": null,
            "to_port": 5432,
            "type": "ingress"
          },
          "sensitive_attributes": [],
          "private": "eyJlMmJmYjczMC1lY2FhLTExZTYtOGY4OC0zNDM2M2JjN2M0YzAiOnsiY3JlYXRlIjozMDAwMDAwMDAwMDB9LCJzY2hlbWFfdmVyc2lvbiI6IjIifQ==",
          "dependencies": [
            "module.new_vpc.aws_security_group.private_sg",
            "module.new_vpc.aws_security_group.rds_sg",
            "module.new_vpc.aws_vpc.tf-vpc"
          ]
        }
      ]
    },
    {
      "module": "module.new_vpc",
      "mode": "managed",
      "type": "aws_security_group_rule",
      "name": "private_sg_rule_3",
      "provider": "provider[\"registry.terraform.io/hashicorp/aws\"]",
      "instances": [
        {
          "schema_version": 2,
          "attributes": {
            "cidr_blocks": null,
            "description": "",
            "from_port": 8080,
            "id": "sgrule-3663358784",
            "ipv6_cidr_blocks": null,
            "prefix_list_ids": null,
            "protocol": "tcp",
            "security_group_id": "sg-0e113cf197ba2ad9c",
            "self": false,
            "source_security_group_id": "sg-00faa99b3204cadee",
            "timeouts": null,
            "to_port": 8080,
            "type": "ingress"
          },
          "sensitive_attributes": [],
          "private": "eyJlMmJmYjczMC1lY2FhLTExZTYtOGY4OC0zNDM2M2JjN2M0YzAiOnsiY3JlYXRlIjozMDAwMDAwMDAwMDB9LCJzY2hlbWFfdmVyc2lvbiI6IjIifQ==",
          "dependencies": [
            "module.new_vpc.aws_security_group.lb_sg",
            "module.new_vpc.aws_security_group.private_sg",
            "module.new_vpc.aws_vpc.tf-vpc"
          ]
        }
      ]
    },
    {
      "module": "module.new_vpc",
      "mode": "managed",
      "type": "aws_security_group_rule",
      "name": "rds_sg_rule_1",
      "provider": "provider[\"registry.terraform.io/hashicorp/aws\"]",
      "instances": [
        {
          "schema_version": 2,
          "attributes": {
            "cidr_blocks": null,
            "description": "",
            "from_port": 5432,
            "id": "sgrule-1162380586",
            "ipv6_cidr_blocks": null,
            "prefix_list_ids": null,
            "protocol": "tcp",
            "security_group_id": "sg-07c1ef07728541c52",
            "self": false,
            "source_security_group_id": "sg-0e113cf197ba2ad9c",
            "timeouts": null,
            "to_port": 5432,
            "type": "ingress"
          },
          "sensitive_attributes": [],
          "private": "eyJlMmJmYjczMC1lY2FhLTExZTYtOGY4OC0zNDM2M2JjN2M0YzAiOnsiY3JlYXRlIjozMDAwMDAwMDAwMDB9LCJzY2hlbWFfdmVyc2lvbiI6IjIifQ==",
          "dependencies": [
            "module.new_vpc.aws_security_group.private_sg",
            "module.new_vpc.aws_security_group.rds_sg",
            "module.new_vpc.aws_vpc.tf-vpc"
          ]
        }
      ]
    },
    {
      "module": "module.new_vpc",
      "mode": "managed",
      "type": "aws_security_group_rule",
      "name": "rds_sg_rule_2",
      "provider": "provider[\"registry.terraform.io/hashicorp/aws\"]",
      "instances": [
        {
          "schema_version": 2,
          "attributes": {
            "cidr_blocks": null,
            "description": "",
            "from_port": 5432,
            "id": "sgrule-3882261375",
            "ipv6_cidr_blocks": null,
            "prefix_list_ids": null,
            "protocol": "tcp",
            "security_group_id": "sg-07c1ef07728541c52",
            "self": false,
            "source_security_group_id": "sg-06f33fc4761964de4",
            "timeouts": null,
            "to_port": 5432,
            "type": "ingress"
          },
          "sensitive_attributes": [],
          "private": "eyJlMmJmYjczMC1lY2FhLTExZTYtOGY4OC0zNDM2M2JjN2M0YzAiOnsiY3JlYXRlIjozMDAwMDAwMDAwMDB9LCJzY2hlbWFfdmVyc2lvbiI6IjIifQ==",
          "dependencies": [
            "module.new_vpc.aws_security_group.public_sg",
            "module.new_vpc.aws_security_group.rds_sg",
            "module.new_vpc.aws_vpc.tf-vpc"
          ]
        }
      ]
    },
    {
      "module": "module.new_vpc",
      "mode": "managed",
      "type": "aws_vpc",
      "name": "tf-vpc",
      "provider": "provider[\"registry.terraform.io/hashicorp/aws\"]",
      "instances": [
        {
          "schema_version": 1,
          "attributes": {
            "arn": "arn:aws:ec2:ap-northeast-1:755754929567:vpc/vpc-0c6c212490edc7484",
            "assign_generated_ipv6_cidr_block": false,
            "cidr_block": "15.0.0.0/16",
            "default_network_acl_id": "acl-05fec6a82f74a78bb",
            "default_route_table_id": "rtb-005b410aa2a1df24b",
            "default_security_group_id": "sg-0352e3e905c8503fa",
            "dhcp_options_id": "dopt-0d8c0f00dece6a066",
            "enable_classiclink": false,
            "enable_classiclink_dns_support": false,
            "enable_dns_hostnames": false,
            "enable_dns_support": true,
            "id": "vpc-0c6c212490edc7484",
            "instance_tenancy": "default",
            "ipv4_ipam_pool_id": null,
            "ipv4_netmask_length": null,
            "ipv6_association_id": "",
            "ipv6_cidr_block": "",
            "ipv6_cidr_block_network_border_group": "",
            "ipv6_ipam_pool_id": "",
            "ipv6_netmask_length": 0,
            "main_route_table_id": "rtb-005b410aa2a1df24b",
            "owner_id": "755754929567",
            "tags": {
              "Name": "prod-memberportal-team1-vpc-apne2"
            },
            "tags_all": {
              "Name": "prod-memberportal-team1-vpc-apne2"
            }
          },
          "sensitive_attributes": [],
          "private": "eyJzY2hlbWFfdmVyc2lvbiI6IjEifQ==",
          "create_before_destroy": true
        }
      ]
    },
    {
      "module": "module.private_subnet[0]",
      "mode": "managed",
      "type": "aws_subnet",
      "name": "vpc-subnet",
      "provider": "provider[\"registry.terraform.io/hashicorp/aws\"]",
      "instances": [
        {
          "schema_version": 1,
          "attributes": {
            "arn": "arn:aws:ec2:ap-northeast-1:755754929567:subnet/subnet-0e796cec7cade89bb",
            "assign_ipv6_address_on_creation": false,
            "availability_zone": "ap-northeast-1a",
            "availability_zone_id": "apne1-az4",
            "cidr_block": "15.0.3.0/24",
            "customer_owned_ipv4_pool": "",
            "enable_dns64": false,
            "enable_resource_name_dns_a_record_on_launch": false,
            "enable_resource_name_dns_aaaa_record_on_launch": false,
            "id": "subnet-0e796cec7cade89bb",
            "ipv6_cidr_block": "",
            "ipv6_cidr_block_association_id": "",
            "ipv6_native": false,
            "map_customer_owned_ip_on_launch": false,
            "map_public_ip_on_launch": false,
            "outpost_arn": "",
            "owner_id": "755754929567",
            "private_dns_hostname_type_on_launch": "ip-name",
            "tags": {
              "Name": "prod-memberportal-team1-private-subnet-1-apne2"
            },
            "tags_all": {
              "Name": "prod-memberportal-team1-private-subnet-1-apne2"
            },
            "timeouts": null,
            "vpc_id": "vpc-0c6c212490edc7484"
          },
          "sensitive_attributes": [],
          "private": "eyJlMmJmYjczMC1lY2FhLTExZTYtOGY4OC0zNDM2M2JjN2M0YzAiOnsiY3JlYXRlIjo2MDAwMDAwMDAwMDAsImRlbGV0ZSI6MTIwMDAwMDAwMDAwMH0sInNjaGVtYV92ZXJzaW9uIjoiMSJ9",
          "dependencies": [
            "module.new_vpc.aws_vpc.tf-vpc"
          ]
        }
      ]
    },
    {
      "module": "module.private_subnet[1]",
      "mode": "managed",
      "type": "aws_subnet",
      "name": "vpc-subnet",
      "provider": "provider[\"registry.terraform.io/hashicorp/aws\"]",
      "instances": [
        {
          "schema_version": 1,
          "attributes": {
            "arn": "arn:aws:ec2:ap-northeast-1:755754929567:subnet/subnet-0ed722618779f3179",
            "assign_ipv6_address_on_creation": false,
            "availability_zone": "ap-northeast-1c",
            "availability_zone_id": "apne1-az1",
            "cidr_block": "15.0.4.0/24",
            "customer_owned_ipv4_pool": "",
            "enable_dns64": false,
            "enable_resource_name_dns_a_record_on_launch": false,
            "enable_resource_name_dns_aaaa_record_on_launch": false,
            "id": "subnet-0ed722618779f3179",
            "ipv6_cidr_block": "",
            "ipv6_cidr_block_association_id": "",
            "ipv6_native": false,
            "map_customer_owned_ip_on_launch": false,
            "map_public_ip_on_launch": false,
            "outpost_arn": "",
            "owner_id": "755754929567",
            "private_dns_hostname_type_on_launch": "ip-name",
            "tags": {
              "Name": "prod-memberportal-team1-private-subnet-2-apne2"
            },
            "tags_all": {
              "Name": "prod-memberportal-team1-private-subnet-2-apne2"
            },
            "timeouts": null,
            "vpc_id": "vpc-0c6c212490edc7484"
          },
          "sensitive_attributes": [],
          "private": "eyJlMmJmYjczMC1lY2FhLTExZTYtOGY4OC0zNDM2M2JjN2M0YzAiOnsiY3JlYXRlIjo2MDAwMDAwMDAwMDAsImRlbGV0ZSI6MTIwMDAwMDAwMDAwMH0sInNjaGVtYV92ZXJzaW9uIjoiMSJ9",
          "dependencies": [
            "module.new_vpc.aws_vpc.tf-vpc"
          ]
        }
      ]
    },
    {
      "module": "module.public-ec2",
      "mode": "managed",
      "type": "aws_instance",
      "name": "ec2",
      "provider": "provider[\"registry.terraform.io/hashicorp/aws\"]",
      "instances": [
        {
          "schema_version": 1,
          "attributes": {
            "ami": "ami-078296f82eb463377",
            "arn": "arn:aws:ec2:ap-northeast-1:755754929567:instance/i-0c56e8a4523078d8d",
            "associate_public_ip_address": true,
            "availability_zone": "ap-northeast-1a",
            "capacity_reservation_specification": [
              {
                "capacity_reservation_preference": "open",
                "capacity_reservation_target": []
              }
            ],
            "cpu_core_count": 1,
            "cpu_threads_per_core": 2,
            "credit_specification": [
              {
                "cpu_credits": "unlimited"
              }
            ],
            "disable_api_stop": false,
            "disable_api_termination": false,
            "ebs_block_device": [],
            "ebs_optimized": false,
            "enclave_options": [
              {
                "enabled": false
              }
            ],
            "ephemeral_block_device": [],
            "get_password_data": false,
            "hibernation": false,
            "host_id": null,
            "host_resource_group_arn": null,
            "iam_instance_profile": "",
            "id": "i-0c56e8a4523078d8d",
            "instance_initiated_shutdown_behavior": "stop",
            "instance_state": "running",
            "instance_type": "t3.medium",
            "ipv6_address_count": 0,
            "ipv6_addresses": [],
            "key_name": "terraform-tokyo-key-pair",
            "launch_template": [],
            "maintenance_options": [
              {
                "auto_recovery": "default"
              }
            ],
            "metadata_options": [
              {
                "http_endpoint": "enabled",
                "http_put_response_hop_limit": 1,
                "http_tokens": "optional",
                "instance_metadata_tags": "disabled"
              }
            ],
            "monitoring": false,
            "network_interface": [],
            "outpost_arn": "",
            "password_data": "",
            "placement_group": "",
            "placement_partition_number": null,
            "primary_network_interface_id": "eni-0119789845301f1d2",
            "private_dns": "ip-15-0-1-95.ap-northeast-1.compute.internal",
            "private_dns_name_options": [
              {
                "enable_resource_name_dns_a_record": false,
                "enable_resource_name_dns_aaaa_record": false,
                "hostname_type": "ip-name"
              }
            ],
            "private_ip": "15.0.1.95",
            "public_dns": "",
            "public_ip": "54.238.236.252",
            "root_block_device": [
              {
                "delete_on_termination": true,
                "device_name": "/dev/xvda",
                "encrypted": false,
                "iops": 100,
                "kms_key_id": "",
                "tags": {},
                "throughput": 0,
                "volume_id": "vol-05022dab852503f5f",
                "volume_size": 8,
                "volume_type": "gp2"
              }
            ],
            "secondary_private_ips": [],
            "security_groups": [],
            "source_dest_check": true,
            "subnet_id": "subnet-0bd2d4d39ff755a0e",
            "tags": {
              "Name": "prod-memberportal-team1-jump-server-apne2"
            },
            "tags_all": {
              "Name": "prod-memberportal-team1-jump-server-apne2"
            },
            "tenancy": "default",
            "timeouts": null,
            "user_data": "a65a670b0f5e8b93fd67976baebafe3e6457edf2",
            "user_data_base64": null,
            "user_data_replace_on_change": false,
            "volume_tags": null,
            "vpc_security_group_ids": [
              "sg-06f33fc4761964de4"
            ]
          },
          "sensitive_attributes": [],
          "private": "eyJlMmJmYjczMC1lY2FhLTExZTYtOGY4OC0zNDM2M2JjN2M0YzAiOnsiY3JlYXRlIjo2MDAwMDAwMDAwMDAsImRlbGV0ZSI6MTIwMDAwMDAwMDAwMCwidXBkYXRlIjo2MDAwMDAwMDAwMDB9LCJzY2hlbWFfdmVyc2lvbiI6IjEifQ==",
          "dependencies": [
            "module.new_vpc.aws_security_group.public_sg",
            "module.new_vpc.aws_vpc.tf-vpc",
            "module.public_subnet.aws_subnet.vpc-subnet"
          ]
        }
      ]
    },
    {
      "module": "module.public_subnet[0]",
      "mode": "managed",
      "type": "aws_subnet",
      "name": "vpc-subnet",
      "provider": "provider[\"registry.terraform.io/hashicorp/aws\"]",
      "instances": [
        {
          "schema_version": 1,
          "attributes": {
            "arn": "arn:aws:ec2:ap-northeast-1:755754929567:subnet/subnet-0bd2d4d39ff755a0e",
            "assign_ipv6_address_on_creation": false,
            "availability_zone": "ap-northeast-1a",
            "availability_zone_id": "apne1-az4",
            "cidr_block": "15.0.1.0/24",
            "customer_owned_ipv4_pool": "",
            "enable_dns64": false,
            "enable_resource_name_dns_a_record_on_launch": false,
            "enable_resource_name_dns_aaaa_record_on_launch": false,
            "id": "subnet-0bd2d4d39ff755a0e",
            "ipv6_cidr_block": "",
            "ipv6_cidr_block_association_id": "",
            "ipv6_native": false,
            "map_customer_owned_ip_on_launch": false,
            "map_public_ip_on_launch": false,
            "outpost_arn": "",
            "owner_id": "755754929567",
            "private_dns_hostname_type_on_launch": "ip-name",
            "tags": {
              "Name": "prod-memberportal-team1-public-subnet-1-apne2"
            },
            "tags_all": {
              "Name": "prod-memberportal-team1-public-subnet-1-apne2"
            },
            "timeouts": null,
            "vpc_id": "vpc-0c6c212490edc7484"
          },
          "sensitive_attributes": [],
          "private": "eyJlMmJmYjczMC1lY2FhLTExZTYtOGY4OC0zNDM2M2JjN2M0YzAiOnsiY3JlYXRlIjo2MDAwMDAwMDAwMDAsImRlbGV0ZSI6MTIwMDAwMDAwMDAwMH0sInNjaGVtYV92ZXJzaW9uIjoiMSJ9",
          "dependencies": [
            "module.new_vpc.aws_vpc.tf-vpc"
          ]
        }
      ]
    },
    {
      "module": "module.public_subnet[1]",
      "mode": "managed",
      "type": "aws_subnet",
      "name": "vpc-subnet",
      "provider": "provider[\"registry.terraform.io/hashicorp/aws\"]",
      "instances": [
        {
          "schema_version": 1,
          "attributes": {
            "arn": "arn:aws:ec2:ap-northeast-1:755754929567:subnet/subnet-0ba96533a4d7a369b",
            "assign_ipv6_address_on_creation": false,
            "availability_zone": "ap-northeast-1c",
            "availability_zone_id": "apne1-az1",
            "cidr_block": "15.0.2.0/24",
            "customer_owned_ipv4_pool": "",
            "enable_dns64": false,
            "enable_resource_name_dns_a_record_on_launch": false,
            "enable_resource_name_dns_aaaa_record_on_launch": false,
            "id": "subnet-0ba96533a4d7a369b",
            "ipv6_cidr_block": "",
            "ipv6_cidr_block_association_id": "",
            "ipv6_native": false,
            "map_customer_owned_ip_on_launch": false,
            "map_public_ip_on_launch": false,
            "outpost_arn": "",
            "owner_id": "755754929567",
            "private_dns_hostname_type_on_launch": "ip-name",
            "tags": {
              "Name": "prod-memberportal-team1-public-subnet-2-apne2"
            },
            "tags_all": {
              "Name": "prod-memberportal-team1-public-subnet-2-apne2"
            },
            "timeouts": null,
            "vpc_id": "vpc-0c6c212490edc7484"
          },
          "sensitive_attributes": [],
          "private": "eyJlMmJmYjczMC1lY2FhLTExZTYtOGY4OC0zNDM2M2JjN2M0YzAiOnsiY3JlYXRlIjo2MDAwMDAwMDAwMDAsImRlbGV0ZSI6MTIwMDAwMDAwMDAwMH0sInNjaGVtYV92ZXJzaW9uIjoiMSJ9",
          "dependencies": [
            "module.new_vpc.aws_vpc.tf-vpc"
          ]
        }
      ]
    },
    {
      "module": "module.s3-bucket[0]",
      "mode": "managed",
      "type": "aws_s3_bucket",
      "name": "my-aws_s3_bucket",
      "provider": "provider[\"registry.terraform.io/hashicorp/aws\"]",
      "instances": [
        {
          "schema_version": 0,
          "attributes": {
            "acceleration_status": "",
            "acl": null,
            "arn": "arn:aws:s3:::prod-memberportal-team1-cloudfront-s3",
            "bucket": "prod-memberportal-team1-cloudfront-s3",
            "bucket_domain_name": "prod-memberportal-team1-cloudfront-s3.s3.amazonaws.com",
            "bucket_prefix": null,
            "bucket_regional_domain_name": "prod-memberportal-team1-cloudfront-s3.s3.ap-northeast-1.amazonaws.com",
            "cors_rule": [],
            "force_destroy": false,
            "grant": [
              {
                "id": "4dd71f22d025311faf3e709955d28d56f590a86b41dfe9dcd4fa7d171de2e366",
                "permissions": [
                  "FULL_CONTROL"
                ],
                "type": "CanonicalUser",
                "uri": ""
              }
            ],
            "hosted_zone_id": "Z2M4EHUR26P7ZW",
            "id": "prod-memberportal-team1-cloudfront-s3",
            "lifecycle_rule": [],
            "logging": [],
            "object_lock_configuration": [],
            "object_lock_enabled": false,
            "policy": "",
            "region": "ap-northeast-1",
            "replication_configuration": [],
            "request_payer": "BucketOwner",
            "server_side_encryption_configuration": [],
            "tags": {},
            "tags_all": {},
            "timeouts": null,
            "versioning": [
              {
                "enabled": false,
                "mfa_delete": false
              }
            ],
            "website": [],
            "website_domain": null,
            "website_endpoint": null
          },
          "sensitive_attributes": [],
          "private": "eyJlMmJmYjczMC1lY2FhLTExZTYtOGY4OC0zNDM2M2JjN2M0YzAiOnsiY3JlYXRlIjoxMjAwMDAwMDAwMDAwLCJkZWxldGUiOjM2MDAwMDAwMDAwMDAsInJlYWQiOjEyMDAwMDAwMDAwMDAsInVwZGF0ZSI6MTIwMDAwMDAwMDAwMH19",
          "create_before_destroy": true
        }
      ]
    }
  ]
}
